
Microsoft Visual Studio Solution File, Format Version 12.00
# Visual Studio Version 17
VisualStudioVersion = 17.3.32901.215
MinimumVisualStudioVersion = 15.0.26124.0
Project("{2150E333-8FDC-42A3-9474-1A3956D46DE8}") = "src", "src", "{B5BA0B59-8D91-4F07-8090-34BDE097EFC9}"
EndProject
Project("{9A19103F-16F7-4668-BE54-9A1E7A4F7556}") = "WeatherService.Api", "src\WeatherService.Api\WeatherService.Api.csproj", "{8AC8E8E8-A3C2-4A10-BCA8-CD8065901DF0}"
EndProject
Project("{2150E333-8FDC-42A3-9474-1A3956D46DE8}") = "external", "external", "{02F9AF1C-3F55-4AC5-AD84-2409E1EA45B0}"
EndProject
Project("{9A19103F-16F7-4668-BE54-9A1E7A4F7556}") = "BrandedProducts.Api", "src\BrandedProducts.Api\BrandedProducts.Api.csproj", "{CAB39502-8D53-49CB-AF15-F2C60918B907}"
EndProject
Project("{2150E333-8FDC-42A3-9474-1A3956D46DE8}") = "test", "test", "{AD0738BA-577C-463D-8617-1B9D4544FE14}"
EndProject
Project("{9A19103F-16F7-4668-BE54-9A1E7A4F7556}") = "TennisBookings", "src\TennisBookings\TennisBookings.csproj", "{218B9992-E3DB-4815-8795-B2A2EBF2CC0B}"
EndProject
Project("{9A19103F-16F7-4668-BE54-9A1E7A4F7556}") = "TennisBookings.Tests", "test\TennisBookings.Tests\TennisBookings.Tests.csproj", "{E3F5D8BD-9EAC-4B00-94C2-DD19AA47DAC3}"
EndProject
Project("{9A19103F-16F7-4668-BE54-9A1E7A4F7556}") = "TennisBookings.Shared", "src\TennisBookings.Shared\TennisBookings.Shared.csproj", "{A610A296-8F5D-41D9-A3D3-A9BDF7C84757}"
EndProject
Project("{9A19103F-16F7-4668-BE54-9A1E7A4F7556}") = "TennisBookings.ResultsProcessing", "src\TennisBookings.ResultsProcessing\TennisBookings.ResultsProcessing.csproj", "{2E837ABE-517C-46D6-8715-C0FC9FDD780B}"
EndProject
Project("{9A19103F-16F7-4668-BE54-9A1E7A4F7556}") = "Players.Api", "src\Players.Api\Players.Api.csproj", "{A2A706F3-2B78-4202-8E0A-CF5F7591D611}"
EndProject
Project("{9A19103F-16F7-4668-BE54-9A1E7A4F7556}") = "TennisStats.Api", "src\TennisStats.Api\TennisStats.Api.csproj", "{1C5C3EC0-43DD-413A-B3CD-240C09C33507}"
EndProject
Project("{9A19103F-16F7-4668-BE54-9A1E7A4F7556}") = "TennisBookings.ScoreProcessor", "src\TennisBookings.ScoreProcessor\TennisBookings.ScoreProcessor.csproj", "{35134948-92FF-49CA-9970-8855A7ADC2AC}"
EndProject
Project("{9A19103F-16F7-4668-BE54-9A1E7A4F7556}") = "TennisBookings.ScoreProcessor.Tests", "test\TennisBookings.ScoreProcessor.Tests\TennisBookings.ScoreProcessor.Tests.csproj", "{32A2C7F9-7936-4B6F-A6D5-9E013F66E630}"
EndProject
Project("{2150E333-8FDC-42A3-9474-1A3956D46DE8}") = "Solution Items", "Solution Items", "{EBC7D0DB-01BA-4B25-9740-7A3FE9EC35C7}"
EndProject
Project("{2150E333-8FDC-42A3-9474-1A3956D46DE8}") = "Readme", "Readme", "{A8593C41-524D-489F-94FA-AE720D964C0A}"
	ProjectSection(SolutionItems) = preProject
		ReadMe\1.Intro.txt = ReadMe\1.Intro.txt
		ReadMe\2.CoordinateReqAndHosterSrvc.txt = ReadMe\2.CoordinateReqAndHosterSrvc.txt
		ReadMe\3.WorkerServices.txt = ReadMe\3.WorkerServices.txt
		ReadMe\4.AdvanceTopics1.txt = ReadMe\4.AdvanceTopics1.txt
		ReadMe\5.Testing.txt = ReadMe\5.Testing.txt
		ReadMe\ServicesAndServicesExtensions.txt = ReadMe\ServicesAndServicesExtensions.txt
		ReadMe\6.RunningInProduction.txt = ReadMe\6.RunningInProduction.txt
		ReadMe\TennisBooking_ER.png = ReadMe\TennisBooking_ER.png
		ServicesTopics.txt = ServicesTopics.txt
	EndProjectSection
EndProject
Project("{9A19103F-16F7-4668-BE54-9A1E7A4F7556}") = "ExampleWorkerService", "src\ExampleWorkerService\ExampleWorkerService.csproj", "{526E34E1-6A5D-4A3F-9219-8689B50E561B}"
EndProject
Global
	GlobalSection(SolutionConfigurationPlatforms) = preSolution
		Debug|Any CPU = Debug|Any CPU
		Debug|x64 = Debug|x64
		Debug|x86 = Debug|x86
		Release|Any CPU = Release|Any CPU
		Release|x64 = Release|x64
		Release|x86 = Release|x86
	EndGlobalSection
	GlobalSection(ProjectConfigurationPlatforms) = postSolution
		{8AC8E8E8-A3C2-4A10-BCA8-CD8065901DF0}.Debug|Any CPU.ActiveCfg = Debug|Any CPU
		{8AC8E8E8-A3C2-4A10-BCA8-CD8065901DF0}.Debug|Any CPU.Build.0 = Debug|Any CPU
		{8AC8E8E8-A3C2-4A10-BCA8-CD8065901DF0}.Debug|x64.ActiveCfg = Debug|Any CPU
		{8AC8E8E8-A3C2-4A10-BCA8-CD8065901DF0}.Debug|x64.Build.0 = Debug|Any CPU
		{8AC8E8E8-A3C2-4A10-BCA8-CD8065901DF0}.Debug|x86.ActiveCfg = Debug|Any CPU
		{8AC8E8E8-A3C2-4A10-BCA8-CD8065901DF0}.Debug|x86.Build.0 = Debug|Any CPU
		{8AC8E8E8-A3C2-4A10-BCA8-CD8065901DF0}.Release|Any CPU.ActiveCfg = Release|Any CPU
		{8AC8E8E8-A3C2-4A10-BCA8-CD8065901DF0}.Release|Any CPU.Build.0 = Release|Any CPU
		{8AC8E8E8-A3C2-4A10-BCA8-CD8065901DF0}.Release|x64.ActiveCfg = Release|Any CPU
		{8AC8E8E8-A3C2-4A10-BCA8-CD8065901DF0}.Release|x64.Build.0 = Release|Any CPU
		{8AC8E8E8-A3C2-4A10-BCA8-CD8065901DF0}.Release|x86.ActiveCfg = Release|Any CPU
		{8AC8E8E8-A3C2-4A10-BCA8-CD8065901DF0}.Release|x86.Build.0 = Release|Any CPU
		{CAB39502-8D53-49CB-AF15-F2C60918B907}.Debug|Any CPU.ActiveCfg = Debug|Any CPU
		{CAB39502-8D53-49CB-AF15-F2C60918B907}.Debug|Any CPU.Build.0 = Debug|Any CPU
		{CAB39502-8D53-49CB-AF15-F2C60918B907}.Debug|x64.ActiveCfg = Debug|Any CPU
		{CAB39502-8D53-49CB-AF15-F2C60918B907}.Debug|x64.Build.0 = Debug|Any CPU
		{CAB39502-8D53-49CB-AF15-F2C60918B907}.Debug|x86.ActiveCfg = Debug|Any CPU
		{CAB39502-8D53-49CB-AF15-F2C60918B907}.Debug|x86.Build.0 = Debug|Any CPU
		{CAB39502-8D53-49CB-AF15-F2C60918B907}.Release|Any CPU.ActiveCfg = Release|Any CPU
		{CAB39502-8D53-49CB-AF15-F2C60918B907}.Release|Any CPU.Build.0 = Release|Any CPU
		{CAB39502-8D53-49CB-AF15-F2C60918B907}.Release|x64.ActiveCfg = Release|Any CPU
		{CAB39502-8D53-49CB-AF15-F2C60918B907}.Release|x64.Build.0 = Release|Any CPU
		{CAB39502-8D53-49CB-AF15-F2C60918B907}.Release|x86.ActiveCfg = Release|Any CPU
		{CAB39502-8D53-49CB-AF15-F2C60918B907}.Release|x86.Build.0 = Release|Any CPU
		{218B9992-E3DB-4815-8795-B2A2EBF2CC0B}.Debug|Any CPU.ActiveCfg = Debug|Any CPU
		{218B9992-E3DB-4815-8795-B2A2EBF2CC0B}.Debug|Any CPU.Build.0 = Debug|Any CPU
		{218B9992-E3DB-4815-8795-B2A2EBF2CC0B}.Debug|x64.ActiveCfg = Debug|Any CPU
		{218B9992-E3DB-4815-8795-B2A2EBF2CC0B}.Debug|x64.Build.0 = Debug|Any CPU
		{218B9992-E3DB-4815-8795-B2A2EBF2CC0B}.Debug|x86.ActiveCfg = Debug|Any CPU
		{218B9992-E3DB-4815-8795-B2A2EBF2CC0B}.Debug|x86.Build.0 = Debug|Any CPU
		{218B9992-E3DB-4815-8795-B2A2EBF2CC0B}.Release|Any CPU.ActiveCfg = Release|Any CPU
		{218B9992-E3DB-4815-8795-B2A2EBF2CC0B}.Release|Any CPU.Build.0 = Release|Any CPU
		{218B9992-E3DB-4815-8795-B2A2EBF2CC0B}.Release|x64.ActiveCfg = Release|Any CPU
		{218B9992-E3DB-4815-8795-B2A2EBF2CC0B}.Release|x64.Build.0 = Release|Any CPU
		{218B9992-E3DB-4815-8795-B2A2EBF2CC0B}.Release|x86.ActiveCfg = Release|Any CPU
		{218B9992-E3DB-4815-8795-B2A2EBF2CC0B}.Release|x86.Build.0 = Release|Any CPU
		{E3F5D8BD-9EAC-4B00-94C2-DD19AA47DAC3}.Debug|Any CPU.ActiveCfg = Debug|Any CPU
		{E3F5D8BD-9EAC-4B00-94C2-DD19AA47DAC3}.Debug|Any CPU.Build.0 = Debug|Any CPU
		{E3F5D8BD-9EAC-4B00-94C2-DD19AA47DAC3}.Debug|x64.ActiveCfg = Debug|Any CPU
		{E3F5D8BD-9EAC-4B00-94C2-DD19AA47DAC3}.Debug|x64.Build.0 = Debug|Any CPU
		{E3F5D8BD-9EAC-4B00-94C2-DD19AA47DAC3}.Debug|x86.ActiveCfg = Debug|Any CPU
		{E3F5D8BD-9EAC-4B00-94C2-DD19AA47DAC3}.Debug|x86.Build.0 = Debug|Any CPU
		{E3F5D8BD-9EAC-4B00-94C2-DD19AA47DAC3}.Release|Any CPU.ActiveCfg = Release|Any CPU
		{E3F5D8BD-9EAC-4B00-94C2-DD19AA47DAC3}.Release|Any CPU.Build.0 = Release|Any CPU
		{E3F5D8BD-9EAC-4B00-94C2-DD19AA47DAC3}.Release|x64.ActiveCfg = Release|Any CPU
		{E3F5D8BD-9EAC-4B00-94C2-DD19AA47DAC3}.Release|x64.Build.0 = Release|Any CPU
		{E3F5D8BD-9EAC-4B00-94C2-DD19AA47DAC3}.Release|x86.ActiveCfg = Release|Any CPU
		{E3F5D8BD-9EAC-4B00-94C2-DD19AA47DAC3}.Release|x86.Build.0 = Release|Any CPU
		{A610A296-8F5D-41D9-A3D3-A9BDF7C84757}.Debug|Any CPU.ActiveCfg = Debug|Any CPU
		{A610A296-8F5D-41D9-A3D3-A9BDF7C84757}.Debug|Any CPU.Build.0 = Debug|Any CPU
		{A610A296-8F5D-41D9-A3D3-A9BDF7C84757}.Debug|x64.ActiveCfg = Debug|Any CPU
		{A610A296-8F5D-41D9-A3D3-A9BDF7C84757}.Debug|x64.Build.0 = Debug|Any CPU
		{A610A296-8F5D-41D9-A3D3-A9BDF7C84757}.Debug|x86.ActiveCfg = Debug|Any CPU
		{A610A296-8F5D-41D9-A3D3-A9BDF7C84757}.Debug|x86.Build.0 = Debug|Any CPU
		{A610A296-8F5D-41D9-A3D3-A9BDF7C84757}.Release|Any CPU.ActiveCfg = Release|Any CPU
		{A610A296-8F5D-41D9-A3D3-A9BDF7C84757}.Release|Any CPU.Build.0 = Release|Any CPU
		{A610A296-8F5D-41D9-A3D3-A9BDF7C84757}.Release|x64.ActiveCfg = Release|Any CPU
		{A610A296-8F5D-41D9-A3D3-A9BDF7C84757}.Release|x64.Build.0 = Release|Any CPU
		{A610A296-8F5D-41D9-A3D3-A9BDF7C84757}.Release|x86.ActiveCfg = Release|Any CPU
		{A610A296-8F5D-41D9-A3D3-A9BDF7C84757}.Release|x86.Build.0 = Release|Any CPU
		{2E837ABE-517C-46D6-8715-C0FC9FDD780B}.Debug|Any CPU.ActiveCfg = Debug|Any CPU
		{2E837ABE-517C-46D6-8715-C0FC9FDD780B}.Debug|Any CPU.Build.0 = Debug|Any CPU
		{2E837ABE-517C-46D6-8715-C0FC9FDD780B}.Debug|x64.ActiveCfg = Debug|Any CPU
		{2E837ABE-517C-46D6-8715-C0FC9FDD780B}.Debug|x64.Build.0 = Debug|Any CPU
		{2E837ABE-517C-46D6-8715-C0FC9FDD780B}.Debug|x86.ActiveCfg = Debug|Any CPU
		{2E837ABE-517C-46D6-8715-C0FC9FDD780B}.Debug|x86.Build.0 = Debug|Any CPU
		{2E837ABE-517C-46D6-8715-C0FC9FDD780B}.Release|Any CPU.ActiveCfg = Release|Any CPU
		{2E837ABE-517C-46D6-8715-C0FC9FDD780B}.Release|Any CPU.Build.0 = Release|Any CPU
		{2E837ABE-517C-46D6-8715-C0FC9FDD780B}.Release|x64.ActiveCfg = Release|Any CPU
		{2E837ABE-517C-46D6-8715-C0FC9FDD780B}.Release|x64.Build.0 = Release|Any CPU
		{2E837ABE-517C-46D6-8715-C0FC9FDD780B}.Release|x86.ActiveCfg = Release|Any CPU
		{2E837ABE-517C-46D6-8715-C0FC9FDD780B}.Release|x86.Build.0 = Release|Any CPU
		{A2A706F3-2B78-4202-8E0A-CF5F7591D611}.Debug|Any CPU.ActiveCfg = Debug|Any CPU
		{A2A706F3-2B78-4202-8E0A-CF5F7591D611}.Debug|Any CPU.Build.0 = Debug|Any CPU
		{A2A706F3-2B78-4202-8E0A-CF5F7591D611}.Debug|x64.ActiveCfg = Debug|Any CPU
		{A2A706F3-2B78-4202-8E0A-CF5F7591D611}.Debug|x64.Build.0 = Debug|Any CPU
		{A2A706F3-2B78-4202-8E0A-CF5F7591D611}.Debug|x86.ActiveCfg = Debug|Any CPU
		{A2A706F3-2B78-4202-8E0A-CF5F7591D611}.Debug|x86.Build.0 = Debug|Any CPU
		{A2A706F3-2B78-4202-8E0A-CF5F7591D611}.Release|Any CPU.ActiveCfg = Release|Any CPU
		{A2A706F3-2B78-4202-8E0A-CF5F7591D611}.Release|Any CPU.Build.0 = Release|Any CPU
		{A2A706F3-2B78-4202-8E0A-CF5F7591D611}.Release|x64.ActiveCfg = Release|Any CPU
		{A2A706F3-2B78-4202-8E0A-CF5F7591D611}.Release|x64.Build.0 = Release|Any CPU
		{A2A706F3-2B78-4202-8E0A-CF5F7591D611}.Release|x86.ActiveCfg = Release|Any CPU
		{A2A706F3-2B78-4202-8E0A-CF5F7591D611}.Release|x86.Build.0 = Release|Any CPU
		{1C5C3EC0-43DD-413A-B3CD-240C09C33507}.Debug|Any CPU.ActiveCfg = Debug|Any CPU
		{1C5C3EC0-43DD-413A-B3CD-240C09C33507}.Debug|Any CPU.Build.0 = Debug|Any CPU
		{1C5C3EC0-43DD-413A-B3CD-240C09C33507}.Debug|x64.ActiveCfg = Debug|Any CPU
		{1C5C3EC0-43DD-413A-B3CD-240C09C33507}.Debug|x64.Build.0 = Debug|Any CPU
		{1C5C3EC0-43DD-413A-B3CD-240C09C33507}.Debug|x86.ActiveCfg = Debug|Any CPU
		{1C5C3EC0-43DD-413A-B3CD-240C09C33507}.Debug|x86.Build.0 = Debug|Any CPU
		{1C5C3EC0-43DD-413A-B3CD-240C09C33507}.Release|Any CPU.ActiveCfg = Release|Any CPU
		{1C5C3EC0-43DD-413A-B3CD-240C09C33507}.Release|Any CPU.Build.0 = Release|Any CPU
		{1C5C3EC0-43DD-413A-B3CD-240C09C33507}.Release|x64.ActiveCfg = Release|Any CPU
		{1C5C3EC0-43DD-413A-B3CD-240C09C33507}.Release|x64.Build.0 = Release|Any CPU
		{1C5C3EC0-43DD-413A-B3CD-240C09C33507}.Release|x86.ActiveCfg = Release|Any CPU
		{1C5C3EC0-43DD-413A-B3CD-240C09C33507}.Release|x86.Build.0 = Release|Any CPU
		{35134948-92FF-49CA-9970-8855A7ADC2AC}.Debug|Any CPU.ActiveCfg = Debug|Any CPU
		{35134948-92FF-49CA-9970-8855A7ADC2AC}.Debug|Any CPU.Build.0 = Debug|Any CPU
		{35134948-92FF-49CA-9970-8855A7ADC2AC}.Debug|x64.ActiveCfg = Debug|Any CPU
		{35134948-92FF-49CA-9970-8855A7ADC2AC}.Debug|x64.Build.0 = Debug|Any CPU
		{35134948-92FF-49CA-9970-8855A7ADC2AC}.Debug|x86.ActiveCfg = Debug|Any CPU
		{35134948-92FF-49CA-9970-8855A7ADC2AC}.Debug|x86.Build.0 = Debug|Any CPU
		{35134948-92FF-49CA-9970-8855A7ADC2AC}.Release|Any CPU.ActiveCfg = Release|Any CPU
		{35134948-92FF-49CA-9970-8855A7ADC2AC}.Release|Any CPU.Build.0 = Release|Any CPU
		{35134948-92FF-49CA-9970-8855A7ADC2AC}.Release|x64.ActiveCfg = Release|Any CPU
		{35134948-92FF-49CA-9970-8855A7ADC2AC}.Release|x64.Build.0 = Release|Any CPU
		{35134948-92FF-49CA-9970-8855A7ADC2AC}.Release|x86.ActiveCfg = Release|Any CPU
		{35134948-92FF-49CA-9970-8855A7ADC2AC}.Release|x86.Build.0 = Release|Any CPU
		{32A2C7F9-7936-4B6F-A6D5-9E013F66E630}.Debug|Any CPU.ActiveCfg = Debug|Any CPU
		{32A2C7F9-7936-4B6F-A6D5-9E013F66E630}.Debug|Any CPU.Build.0 = Debug|Any CPU
		{32A2C7F9-7936-4B6F-A6D5-9E013F66E630}.Debug|x64.ActiveCfg = Debug|Any CPU
		{32A2C7F9-7936-4B6F-A6D5-9E013F66E630}.Debug|x64.Build.0 = Debug|Any CPU
		{32A2C7F9-7936-4B6F-A6D5-9E013F66E630}.Debug|x86.ActiveCfg = Debug|Any CPU
		{32A2C7F9-7936-4B6F-A6D5-9E013F66E630}.Debug|x86.Build.0 = Debug|Any CPU
		{32A2C7F9-7936-4B6F-A6D5-9E013F66E630}.Release|Any CPU.ActiveCfg = Release|Any CPU
		{32A2C7F9-7936-4B6F-A6D5-9E013F66E630}.Release|Any CPU.Build.0 = Release|Any CPU
		{32A2C7F9-7936-4B6F-A6D5-9E013F66E630}.Release|x64.ActiveCfg = Release|Any CPU
		{32A2C7F9-7936-4B6F-A6D5-9E013F66E630}.Release|x64.Build.0 = Release|Any CPU
		{32A2C7F9-7936-4B6F-A6D5-9E013F66E630}.Release|x86.ActiveCfg = Release|Any CPU
		{32A2C7F9-7936-4B6F-A6D5-9E013F66E630}.Release|x86.Build.0 = Release|Any CPU
		{526E34E1-6A5D-4A3F-9219-8689B50E561B}.Debug|Any CPU.ActiveCfg = Debug|Any CPU
		{526E34E1-6A5D-4A3F-9219-8689B50E561B}.Debug|Any CPU.Build.0 = Debug|Any CPU
		{526E34E1-6A5D-4A3F-9219-8689B50E561B}.Debug|x64.ActiveCfg = Debug|Any CPU
		{526E34E1-6A5D-4A3F-9219-8689B50E561B}.Debug|x64.Build.0 = Debug|Any CPU
		{526E34E1-6A5D-4A3F-9219-8689B50E561B}.Debug|x86.ActiveCfg = Debug|Any CPU
		{526E34E1-6A5D-4A3F-9219-8689B50E561B}.Debug|x86.Build.0 = Debug|Any CPU
		{526E34E1-6A5D-4A3F-9219-8689B50E561B}.Release|Any CPU.ActiveCfg = Release|Any CPU
		{526E34E1-6A5D-4A3F-9219-8689B50E561B}.Release|Any CPU.Build.0 = Release|Any CPU
		{526E34E1-6A5D-4A3F-9219-8689B50E561B}.Release|x64.ActiveCfg = Release|Any CPU
		{526E34E1-6A5D-4A3F-9219-8689B50E561B}.Release|x64.Build.0 = Release|Any CPU
		{526E34E1-6A5D-4A3F-9219-8689B50E561B}.Release|x86.ActiveCfg = Release|Any CPU
		{526E34E1-6A5D-4A3F-9219-8689B50E561B}.Release|x86.Build.0 = Release|Any CPU
	EndGlobalSection
	GlobalSection(SolutionProperties) = preSolution
		HideSolutionNode = FALSE
	EndGlobalSection
	GlobalSection(NestedProjects) = preSolution
		{8AC8E8E8-A3C2-4A10-BCA8-CD8065901DF0} = {02F9AF1C-3F55-4AC5-AD84-2409E1EA45B0}
		{02F9AF1C-3F55-4AC5-AD84-2409E1EA45B0} = {B5BA0B59-8D91-4F07-8090-34BDE097EFC9}
		{CAB39502-8D53-49CB-AF15-F2C60918B907} = {02F9AF1C-3F55-4AC5-AD84-2409E1EA45B0}
		{218B9992-E3DB-4815-8795-B2A2EBF2CC0B} = {B5BA0B59-8D91-4F07-8090-34BDE097EFC9}
		{E3F5D8BD-9EAC-4B00-94C2-DD19AA47DAC3} = {AD0738BA-577C-463D-8617-1B9D4544FE14}
		{A610A296-8F5D-41D9-A3D3-A9BDF7C84757} = {B5BA0B59-8D91-4F07-8090-34BDE097EFC9}
		{2E837ABE-517C-46D6-8715-C0FC9FDD780B} = {B5BA0B59-8D91-4F07-8090-34BDE097EFC9}
		{A2A706F3-2B78-4202-8E0A-CF5F7591D611} = {02F9AF1C-3F55-4AC5-AD84-2409E1EA45B0}
		{1C5C3EC0-43DD-413A-B3CD-240C09C33507} = {02F9AF1C-3F55-4AC5-AD84-2409E1EA45B0}
		{35134948-92FF-49CA-9970-8855A7ADC2AC} = {B5BA0B59-8D91-4F07-8090-34BDE097EFC9}
		{32A2C7F9-7936-4B6F-A6D5-9E013F66E630} = {AD0738BA-577C-463D-8617-1B9D4544FE14}
		{A8593C41-524D-489F-94FA-AE720D964C0A} = {EBC7D0DB-01BA-4B25-9740-7A3FE9EC35C7}
		{526E34E1-6A5D-4A3F-9219-8689B50E561B} = {B5BA0B59-8D91-4F07-8090-34BDE097EFC9}
	EndGlobalSection
	GlobalSection(ExtensibilityGlobals) = postSolution
		SolutionGuid = {48D28C8F-7C17-44A2-8CBC-FE82743DB063}
	EndGlobalSection
EndGlobal
